lockfileVersion: '6.0'

dependencies:
  moment:
    specifier: ^2.29.4
    version: 2.29.4
  node-emoji:
    specifier: ^1.11.0
    version: 1.11.0
  package:
    specifier: ^1.0.1
    version: 1.0.1

packages:

  /lodash@4.17.21:
    resolution: {integrity: sha512-v2kDEe57lecTulaDIuNTPy3Ry4gLGJ6Z1O3vE1krgXZNrsQ+LFTGHVxVjcXPs17LhbZVGedAJv8XZ1tvj5FvSg==}
    dev: false

  /moment@2.29.4:
    resolution: {integrity: sha512-5LC9SOxjSc2HF6vO2CyuTDNivEdoz2IvyJJGj6X8DJ0eFyfszE0QiEd+iXmBvUP3WHxSjFH/vIsA0EN00cgr8w==}
    dev: false

  /node-emoji@1.11.0:
    resolution: {integrity: sha512-wo2DpQkQp7Sjm2A0cq+sN7EHKO6Sl0ctXeBdFZrL9T9+UywORbufTcTZxom8YqpLQt/FqNMUkOpkZrJVYSKD3A==}
    dependencies:
      lodash: 4.17.21
    dev: false

  /package@1.0.1:
    resolution: {integrity: sha512-g6xZR6CO7okjie83sIRJodgGvaXqymfE5GLhN8N2TmZGShmHc/V23hO/vWbdnuy3D81As3pfovw72gGi42l9qA==}
    engines: {node: '>= 0.6.0'}
    dev: false
